
Microsoft Visual Studio Solution File, Format Version 11.00
# Visual Studio 2010
Project("{F184B08F-C81C-45F6-A57F-5ABD9991F28F}") = "Integration.Test", "Integration.Test\Integration.Test.vbproj", "{A34787C7-9F3F-4231-9AA2-F155549F92EF}"
	ProjectSection(ProjectDependencies) = postProject
		{381DAA73-F188-4B47-BADC-88B1265C1101} = {381DAA73-F188-4B47-BADC-88B1265C1101}
	EndProjectSection
EndProject
Project("{F184B08F-C81C-45F6-A57F-5ABD9991F28F}") = "Integration.DataIntegration", "Integration.DataIntegration\Integration.DataIntegration.vbproj", "{BD77B395-A455-4008-867C-419CD69F318F}"
EndProject
Project("{2150E333-8FDC-42A3-9474-1A3956D46DE8}") = "1. Capa de Datos", "1. Capa de Datos", "{EF42B6F0-6855-4BC6-9547-3F2E61B461AC}"
EndProject
Project("{2150E333-8FDC-42A3-9474-1A3956D46DE8}") = "2. Presentacion", "2. Presentacion", "{CD1EB03E-21C5-44F9-909D-7F9BF4D3E980}"
EndProject
Project("{2150E333-8FDC-42A3-9474-1A3956D46DE8}") = "3. Capa de Servicios", "3. Capa de Servicios", "{92ACCF83-B703-450C-B6D9-09AF75DDE534}"
EndProject
Project("{FAE04EC0-301F-11D3-BF4B-00C04F79EFBC}") = "Integration.BE", "Integration.BE\Integration.BE.csproj", "{B3B11ABC-5F97-4A78-BA7E-863EEB94D877}"
	ProjectSection(ProjectDependencies) = postProject
		{BD77B395-A455-4008-867C-419CD69F318F} = {BD77B395-A455-4008-867C-419CD69F318F}
	EndProjectSection
EndProject
Project("{FAE04EC0-301F-11D3-BF4B-00C04F79EFBC}") = "Integration.BL", "Integration.BL\Integration.BL.csproj", "{2D489151-55C0-4B5B-A2BD-8551FC7C7561}"
	ProjectSection(ProjectDependencies) = postProject
		{BD77B395-A455-4008-867C-419CD69F318F} = {BD77B395-A455-4008-867C-419CD69F318F}
	EndProjectSection
EndProject
Project("{FAE04EC0-301F-11D3-BF4B-00C04F79EFBC}") = "Integration.DAService", "Integration.DAService\Integration.DAService.csproj", "{381DAA73-F188-4B47-BADC-88B1265C1101}"
	ProjectSection(ProjectDependencies) = postProject
		{BD77B395-A455-4008-867C-419CD69F318F} = {BD77B395-A455-4008-867C-419CD69F318F}
	EndProjectSection
EndProject
Project("{2150E333-8FDC-42A3-9474-1A3956D46DE8}") = "4. Instalador", "4. Instalador", "{37E8CD2C-D2BA-486F-A3D7-2C93C2D4E055}"
EndProject
Project("{6141683F-8A12-4E36-9623-2EB02B2C2303}") = "Setup", "Setup\Setup.isproj", "{48E68B29-C44D-42A4-812B-41F96845AA6D}"
	ProjectSection(ProjectDependencies) = postProject
		{2D489151-55C0-4B5B-A2BD-8551FC7C7561} = {2D489151-55C0-4B5B-A2BD-8551FC7C7561}
		{381DAA73-F188-4B47-BADC-88B1265C1101} = {381DAA73-F188-4B47-BADC-88B1265C1101}
		{BD77B395-A455-4008-867C-419CD69F318F} = {BD77B395-A455-4008-867C-419CD69F318F}
		{B3B11ABC-5F97-4A78-BA7E-863EEB94D877} = {B3B11ABC-5F97-4A78-BA7E-863EEB94D877}
		{A34787C7-9F3F-4231-9AA2-F155549F92EF} = {A34787C7-9F3F-4231-9AA2-F155549F92EF}
	EndProjectSection
EndProject
Global
	GlobalSection(SolutionConfigurationPlatforms) = preSolution
		CD_ROM|Any CPU = CD_ROM|Any CPU
		CD_ROM|Mixed Platforms = CD_ROM|Mixed Platforms
		CD_ROM|x64 = CD_ROM|x64
		CD_ROM|x86 = CD_ROM|x86
		Debug|Any CPU = Debug|Any CPU
		Debug|Mixed Platforms = Debug|Mixed Platforms
		Debug|x64 = Debug|x64
		Debug|x86 = Debug|x86
		DVD-5|Any CPU = DVD-5|Any CPU
		DVD-5|Mixed Platforms = DVD-5|Mixed Platforms
		DVD-5|x64 = DVD-5|x64
		DVD-5|x86 = DVD-5|x86
		Release|Any CPU = Release|Any CPU
		Release|Mixed Platforms = Release|Mixed Platforms
		Release|x64 = Release|x64
		Release|x86 = Release|x86
		SingleImage|Any CPU = SingleImage|Any CPU
		SingleImage|Mixed Platforms = SingleImage|Mixed Platforms
		SingleImage|x64 = SingleImage|x64
		SingleImage|x86 = SingleImage|x86
	EndGlobalSection
	GlobalSection(ProjectConfigurationPlatforms) = postSolution
		{A34787C7-9F3F-4231-9AA2-F155549F92EF}.CD_ROM|Any CPU.ActiveCfg = Release|x64
		{A34787C7-9F3F-4231-9AA2-F155549F92EF}.CD_ROM|Mixed Platforms.ActiveCfg = Release|x64
		{A34787C7-9F3F-4231-9AA2-F155549F92EF}.CD_ROM|Mixed Platforms.Build.0 = Release|x64
		{A34787C7-9F3F-4231-9AA2-F155549F92EF}.CD_ROM|x64.ActiveCfg = Release|x64
		{A34787C7-9F3F-4231-9AA2-F155549F92EF}.CD_ROM|x64.Build.0 = Release|x64
		{A34787C7-9F3F-4231-9AA2-F155549F92EF}.CD_ROM|x86.ActiveCfg = Release|x64
		{A34787C7-9F3F-4231-9AA2-F155549F92EF}.Debug|Any CPU.ActiveCfg = Debug|x86
		{A34787C7-9F3F-4231-9AA2-F155549F92EF}.Debug|Mixed Platforms.ActiveCfg = Debug|x86
		{A34787C7-9F3F-4231-9AA2-F155549F92EF}.Debug|Mixed Platforms.Build.0 = Debug|x86
		{A34787C7-9F3F-4231-9AA2-F155549F92EF}.Debug|x64.ActiveCfg = Debug|x86
		{A34787C7-9F3F-4231-9AA2-F155549F92EF}.Debug|x64.Build.0 = Debug|x86
		{A34787C7-9F3F-4231-9AA2-F155549F92EF}.Debug|x86.ActiveCfg = Debug|x86
		{A34787C7-9F3F-4231-9AA2-F155549F92EF}.Debug|x86.Build.0 = Debug|x86
		{A34787C7-9F3F-4231-9AA2-F155549F92EF}.DVD-5|Any CPU.ActiveCfg = Debug|x64
		{A34787C7-9F3F-4231-9AA2-F155549F92EF}.DVD-5|Mixed Platforms.ActiveCfg = Debug|x64
		{A34787C7-9F3F-4231-9AA2-F155549F92EF}.DVD-5|Mixed Platforms.Build.0 = Debug|x64
		{A34787C7-9F3F-4231-9AA2-F155549F92EF}.DVD-5|x64.ActiveCfg = Debug|x64
		{A34787C7-9F3F-4231-9AA2-F155549F92EF}.DVD-5|x64.Build.0 = Debug|x64
		{A34787C7-9F3F-4231-9AA2-F155549F92EF}.DVD-5|x86.ActiveCfg = Debug|x64
		{A34787C7-9F3F-4231-9AA2-F155549F92EF}.Release|Any CPU.ActiveCfg = Release|x86
		{A34787C7-9F3F-4231-9AA2-F155549F92EF}.Release|Mixed Platforms.ActiveCfg = Release|x86
		{A34787C7-9F3F-4231-9AA2-F155549F92EF}.Release|Mixed Platforms.Build.0 = Release|x86
		{A34787C7-9F3F-4231-9AA2-F155549F92EF}.Release|x64.ActiveCfg = Release|x64
		{A34787C7-9F3F-4231-9AA2-F155549F92EF}.Release|x64.Build.0 = Release|x64
		{A34787C7-9F3F-4231-9AA2-F155549F92EF}.Release|x86.ActiveCfg = Release|x86
		{A34787C7-9F3F-4231-9AA2-F155549F92EF}.Release|x86.Build.0 = Release|x86
		{A34787C7-9F3F-4231-9AA2-F155549F92EF}.SingleImage|Any CPU.ActiveCfg = Release|x64
		{A34787C7-9F3F-4231-9AA2-F155549F92EF}.SingleImage|Mixed Platforms.ActiveCfg = Release|x64
		{A34787C7-9F3F-4231-9AA2-F155549F92EF}.SingleImage|Mixed Platforms.Build.0 = Release|x64
		{A34787C7-9F3F-4231-9AA2-F155549F92EF}.SingleImage|x64.ActiveCfg = Release|x64
		{A34787C7-9F3F-4231-9AA2-F155549F92EF}.SingleImage|x64.Build.0 = Release|x64
		{A34787C7-9F3F-4231-9AA2-F155549F92EF}.SingleImage|x86.ActiveCfg = Release|x64
		{BD77B395-A455-4008-867C-419CD69F318F}.CD_ROM|Any CPU.ActiveCfg = Release|Any CPU
		{BD77B395-A455-4008-867C-419CD69F318F}.CD_ROM|Any CPU.Build.0 = Release|Any CPU
		{BD77B395-A455-4008-867C-419CD69F318F}.CD_ROM|Mixed Platforms.ActiveCfg = Release|Any CPU
		{BD77B395-A455-4008-867C-419CD69F318F}.CD_ROM|Mixed Platforms.Build.0 = Release|Any CPU
		{BD77B395-A455-4008-867C-419CD69F318F}.CD_ROM|x64.ActiveCfg = Release|Any CPU
		{BD77B395-A455-4008-867C-419CD69F318F}.CD_ROM|x86.ActiveCfg = Release|Any CPU
		{BD77B395-A455-4008-867C-419CD69F318F}.Debug|Any CPU.ActiveCfg = Debug|Any CPU
		{BD77B395-A455-4008-867C-419CD69F318F}.Debug|Any CPU.Build.0 = Debug|Any CPU
		{BD77B395-A455-4008-867C-419CD69F318F}.Debug|Mixed Platforms.ActiveCfg = Debug|Any CPU
		{BD77B395-A455-4008-867C-419CD69F318F}.Debug|Mixed Platforms.Build.0 = Debug|Any CPU
		{BD77B395-A455-4008-867C-419CD69F318F}.Debug|x64.ActiveCfg = Debug|Any CPU
		{BD77B395-A455-4008-867C-419CD69F318F}.Debug|x86.ActiveCfg = Debug|Any CPU
		{BD77B395-A455-4008-867C-419CD69F318F}.DVD-5|Any CPU.ActiveCfg = Debug|Any CPU
		{BD77B395-A455-4008-867C-419CD69F318F}.DVD-5|Any CPU.Build.0 = Debug|Any CPU
		{BD77B395-A455-4008-867C-419CD69F318F}.DVD-5|Mixed Platforms.ActiveCfg = Debug|Any CPU
		{BD77B395-A455-4008-867C-419CD69F318F}.DVD-5|Mixed Platforms.Build.0 = Debug|Any CPU
		{BD77B395-A455-4008-867C-419CD69F318F}.DVD-5|x64.ActiveCfg = Debug|Any CPU
		{BD77B395-A455-4008-867C-419CD69F318F}.DVD-5|x86.ActiveCfg = Debug|Any CPU
		{BD77B395-A455-4008-867C-419CD69F318F}.Release|Any CPU.ActiveCfg = Release|Any CPU
		{BD77B395-A455-4008-867C-419CD69F318F}.Release|Any CPU.Build.0 = Release|Any CPU
		{BD77B395-A455-4008-867C-419CD69F318F}.Release|Mixed Platforms.ActiveCfg = Release|Any CPU
		{BD77B395-A455-4008-867C-419CD69F318F}.Release|Mixed Platforms.Build.0 = Release|Any CPU
		{BD77B395-A455-4008-867C-419CD69F318F}.Release|x64.ActiveCfg = Release|Any CPU
		{BD77B395-A455-4008-867C-419CD69F318F}.Release|x86.ActiveCfg = Release|Any CPU
		{BD77B395-A455-4008-867C-419CD69F318F}.SingleImage|Any CPU.ActiveCfg = Release|Any CPU
		{BD77B395-A455-4008-867C-419CD69F318F}.SingleImage|Any CPU.Build.0 = Release|Any CPU
		{BD77B395-A455-4008-867C-419CD69F318F}.SingleImage|Mixed Platforms.ActiveCfg = Release|Any CPU
		{BD77B395-A455-4008-867C-419CD69F318F}.SingleImage|Mixed Platforms.Build.0 = Release|Any CPU
		{BD77B395-A455-4008-867C-419CD69F318F}.SingleImage|x64.ActiveCfg = Release|Any CPU
		{BD77B395-A455-4008-867C-419CD69F318F}.SingleImage|x86.ActiveCfg = Release|Any CPU
		{B3B11ABC-5F97-4A78-BA7E-863EEB94D877}.CD_ROM|Any CPU.ActiveCfg = Release|Any CPU
		{B3B11ABC-5F97-4A78-BA7E-863EEB94D877}.CD_ROM|Any CPU.Build.0 = Release|Any CPU
		{B3B11ABC-5F97-4A78-BA7E-863EEB94D877}.CD_ROM|Mixed Platforms.ActiveCfg = Release|Any CPU
		{B3B11ABC-5F97-4A78-BA7E-863EEB94D877}.CD_ROM|Mixed Platforms.Build.0 = Release|Any CPU
		{B3B11ABC-5F97-4A78-BA7E-863EEB94D877}.CD_ROM|x64.ActiveCfg = Release|Any CPU
		{B3B11ABC-5F97-4A78-BA7E-863EEB94D877}.CD_ROM|x86.ActiveCfg = Release|Any CPU
		{B3B11ABC-5F97-4A78-BA7E-863EEB94D877}.Debug|Any CPU.ActiveCfg = Debug|Any CPU
		{B3B11ABC-5F97-4A78-BA7E-863EEB94D877}.Debug|Any CPU.Build.0 = Debug|Any CPU
		{B3B11ABC-5F97-4A78-BA7E-863EEB94D877}.Debug|Mixed Platforms.ActiveCfg = Debug|Any CPU
		{B3B11ABC-5F97-4A78-BA7E-863EEB94D877}.Debug|Mixed Platforms.Build.0 = Debug|Any CPU
		{B3B11ABC-5F97-4A78-BA7E-863EEB94D877}.Debug|x64.ActiveCfg = Debug|Any CPU
		{B3B11ABC-5F97-4A78-BA7E-863EEB94D877}.Debug|x86.ActiveCfg = Debug|Any CPU
		{B3B11ABC-5F97-4A78-BA7E-863EEB94D877}.DVD-5|Any CPU.ActiveCfg = Debug|Any CPU
		{B3B11ABC-5F97-4A78-BA7E-863EEB94D877}.DVD-5|Any CPU.Build.0 = Debug|Any CPU
		{B3B11ABC-5F97-4A78-BA7E-863EEB94D877}.DVD-5|Mixed Platforms.ActiveCfg = Debug|Any CPU
		{B3B11ABC-5F97-4A78-BA7E-863EEB94D877}.DVD-5|Mixed Platforms.Build.0 = Debug|Any CPU
		{B3B11ABC-5F97-4A78-BA7E-863EEB94D877}.DVD-5|x64.ActiveCfg = Debug|Any CPU
		{B3B11ABC-5F97-4A78-BA7E-863EEB94D877}.DVD-5|x86.ActiveCfg = Debug|Any CPU
		{B3B11ABC-5F97-4A78-BA7E-863EEB94D877}.Release|Any CPU.ActiveCfg = Release|Any CPU
		{B3B11ABC-5F97-4A78-BA7E-863EEB94D877}.Release|Any CPU.Build.0 = Release|Any CPU
		{B3B11ABC-5F97-4A78-BA7E-863EEB94D877}.Release|Mixed Platforms.ActiveCfg = Release|Any CPU
		{B3B11ABC-5F97-4A78-BA7E-863EEB94D877}.Release|Mixed Platforms.Build.0 = Release|Any CPU
		{B3B11ABC-5F97-4A78-BA7E-863EEB94D877}.Release|x64.ActiveCfg = Release|Any CPU
		{B3B11ABC-5F97-4A78-BA7E-863EEB94D877}.Release|x86.ActiveCfg = Release|Any CPU
		{B3B11ABC-5F97-4A78-BA7E-863EEB94D877}.SingleImage|Any CPU.ActiveCfg = Release|Any CPU
		{B3B11ABC-5F97-4A78-BA7E-863EEB94D877}.SingleImage|Any CPU.Build.0 = Release|Any CPU
		{B3B11ABC-5F97-4A78-BA7E-863EEB94D877}.SingleImage|Mixed Platforms.ActiveCfg = Release|Any CPU
		{B3B11ABC-5F97-4A78-BA7E-863EEB94D877}.SingleImage|Mixed Platforms.Build.0 = Release|Any CPU
		{B3B11ABC-5F97-4A78-BA7E-863EEB94D877}.SingleImage|x64.ActiveCfg = Release|Any CPU
		{B3B11ABC-5F97-4A78-BA7E-863EEB94D877}.SingleImage|x86.ActiveCfg = Release|Any CPU
		{2D489151-55C0-4B5B-A2BD-8551FC7C7561}.CD_ROM|Any CPU.ActiveCfg = Release|Any CPU
		{2D489151-55C0-4B5B-A2BD-8551FC7C7561}.CD_ROM|Any CPU.Build.0 = Release|Any CPU
		{2D489151-55C0-4B5B-A2BD-8551FC7C7561}.CD_ROM|Mixed Platforms.ActiveCfg = Release|Any CPU
		{2D489151-55C0-4B5B-A2BD-8551FC7C7561}.CD_ROM|Mixed Platforms.Build.0 = Release|Any CPU
		{2D489151-55C0-4B5B-A2BD-8551FC7C7561}.CD_ROM|x64.ActiveCfg = Release|Any CPU
		{2D489151-55C0-4B5B-A2BD-8551FC7C7561}.CD_ROM|x86.ActiveCfg = Release|Any CPU
		{2D489151-55C0-4B5B-A2BD-8551FC7C7561}.Debug|Any CPU.ActiveCfg = Debug|Any CPU
		{2D489151-55C0-4B5B-A2BD-8551FC7C7561}.Debug|Any CPU.Build.0 = Debug|Any CPU
		{2D489151-55C0-4B5B-A2BD-8551FC7C7561}.Debug|Mixed Platforms.ActiveCfg = Debug|Any CPU
		{2D489151-55C0-4B5B-A2BD-8551FC7C7561}.Debug|Mixed Platforms.Build.0 = Debug|Any CPU
		{2D489151-55C0-4B5B-A2BD-8551FC7C7561}.Debug|x64.ActiveCfg = Debug|Any CPU
		{2D489151-55C0-4B5B-A2BD-8551FC7C7561}.Debug|x86.ActiveCfg = Debug|Any CPU
		{2D489151-55C0-4B5B-A2BD-8551FC7C7561}.DVD-5|Any CPU.ActiveCfg = Debug|Any CPU
		{2D489151-55C0-4B5B-A2BD-8551FC7C7561}.DVD-5|Any CPU.Build.0 = Debug|Any CPU
		{2D489151-55C0-4B5B-A2BD-8551FC7C7561}.DVD-5|Mixed Platforms.ActiveCfg = Debug|Any CPU
		{2D489151-55C0-4B5B-A2BD-8551FC7C7561}.DVD-5|Mixed Platforms.Build.0 = Debug|Any CPU
		{2D489151-55C0-4B5B-A2BD-8551FC7C7561}.DVD-5|x64.ActiveCfg = Debug|Any CPU
		{2D489151-55C0-4B5B-A2BD-8551FC7C7561}.DVD-5|x86.ActiveCfg = Debug|Any CPU
		{2D489151-55C0-4B5B-A2BD-8551FC7C7561}.Release|Any CPU.ActiveCfg = Release|Any CPU
		{2D489151-55C0-4B5B-A2BD-8551FC7C7561}.Release|Any CPU.Build.0 = Release|Any CPU
		{2D489151-55C0-4B5B-A2BD-8551FC7C7561}.Release|Mixed Platforms.ActiveCfg = Release|Any CPU
		{2D489151-55C0-4B5B-A2BD-8551FC7C7561}.Release|Mixed Platforms.Build.0 = Release|Any CPU
		{2D489151-55C0-4B5B-A2BD-8551FC7C7561}.Release|x64.ActiveCfg = Release|Any CPU
		{2D489151-55C0-4B5B-A2BD-8551FC7C7561}.Release|x86.ActiveCfg = Release|Any CPU
		{2D489151-55C0-4B5B-A2BD-8551FC7C7561}.SingleImage|Any CPU.ActiveCfg = Release|Any CPU
		{2D489151-55C0-4B5B-A2BD-8551FC7C7561}.SingleImage|Any CPU.Build.0 = Release|Any CPU
		{2D489151-55C0-4B5B-A2BD-8551FC7C7561}.SingleImage|Mixed Platforms.ActiveCfg = Release|Any CPU
		{2D489151-55C0-4B5B-A2BD-8551FC7C7561}.SingleImage|Mixed Platforms.Build.0 = Release|Any CPU
		{2D489151-55C0-4B5B-A2BD-8551FC7C7561}.SingleImage|x64.ActiveCfg = Release|Any CPU
		{2D489151-55C0-4B5B-A2BD-8551FC7C7561}.SingleImage|x86.ActiveCfg = Release|Any CPU
		{381DAA73-F188-4B47-BADC-88B1265C1101}.CD_ROM|Any CPU.ActiveCfg = Release|Any CPU
		{381DAA73-F188-4B47-BADC-88B1265C1101}.CD_ROM|Any CPU.Build.0 = Release|Any CPU
		{381DAA73-F188-4B47-BADC-88B1265C1101}.CD_ROM|Mixed Platforms.ActiveCfg = Release|Any CPU
		{381DAA73-F188-4B47-BADC-88B1265C1101}.CD_ROM|Mixed Platforms.Build.0 = Release|Any CPU
		{381DAA73-F188-4B47-BADC-88B1265C1101}.CD_ROM|x64.ActiveCfg = Release|Any CPU
		{381DAA73-F188-4B47-BADC-88B1265C1101}.CD_ROM|x86.ActiveCfg = Release|Any CPU
		{381DAA73-F188-4B47-BADC-88B1265C1101}.Debug|Any CPU.ActiveCfg = Debug|Any CPU
		{381DAA73-F188-4B47-BADC-88B1265C1101}.Debug|Any CPU.Build.0 = Debug|Any CPU
		{381DAA73-F188-4B47-BADC-88B1265C1101}.Debug|Mixed Platforms.ActiveCfg = Debug|Any CPU
		{381DAA73-F188-4B47-BADC-88B1265C1101}.Debug|Mixed Platforms.Build.0 = Debug|Any CPU
		{381DAA73-F188-4B47-BADC-88B1265C1101}.Debug|x64.ActiveCfg = Debug|Any CPU
		{381DAA73-F188-4B47-BADC-88B1265C1101}.Debug|x86.ActiveCfg = Debug|Any CPU
		{381DAA73-F188-4B47-BADC-88B1265C1101}.DVD-5|Any CPU.ActiveCfg = Debug|Any CPU
		{381DAA73-F188-4B47-BADC-88B1265C1101}.DVD-5|Any CPU.Build.0 = Debug|Any CPU
		{381DAA73-F188-4B47-BADC-88B1265C1101}.DVD-5|Mixed Platforms.ActiveCfg = Debug|Any CPU
		{381DAA73-F188-4B47-BADC-88B1265C1101}.DVD-5|Mixed Platforms.Build.0 = Debug|Any CPU
		{381DAA73-F188-4B47-BADC-88B1265C1101}.DVD-5|x64.ActiveCfg = Debug|Any CPU
		{381DAA73-F188-4B47-BADC-88B1265C1101}.DVD-5|x86.ActiveCfg = Debug|Any CPU
		{381DAA73-F188-4B47-BADC-88B1265C1101}.Release|Any CPU.ActiveCfg = Release|Any CPU
		{381DAA73-F188-4B47-BADC-88B1265C1101}.Release|Any CPU.Build.0 = Release|Any CPU
		{381DAA73-F188-4B47-BADC-88B1265C1101}.Release|Mixed Platforms.ActiveCfg = Release|Any CPU
		{381DAA73-F188-4B47-BADC-88B1265C1101}.Release|Mixed Platforms.Build.0 = Release|Any CPU
		{381DAA73-F188-4B47-BADC-88B1265C1101}.Release|x64.ActiveCfg = Release|Any CPU
		{381DAA73-F188-4B47-BADC-88B1265C1101}.Release|x86.ActiveCfg = Release|Any CPU
		{381DAA73-F188-4B47-BADC-88B1265C1101}.SingleImage|Any CPU.ActiveCfg = Release|Any CPU
		{381DAA73-F188-4B47-BADC-88B1265C1101}.SingleImage|Any CPU.Build.0 = Release|Any CPU
		{381DAA73-F188-4B47-BADC-88B1265C1101}.SingleImage|Mixed Platforms.ActiveCfg = Release|Any CPU
		{381DAA73-F188-4B47-BADC-88B1265C1101}.SingleImage|Mixed Platforms.Build.0 = Release|Any CPU
		{381DAA73-F188-4B47-BADC-88B1265C1101}.SingleImage|x64.ActiveCfg = Release|Any CPU
		{381DAA73-F188-4B47-BADC-88B1265C1101}.SingleImage|x86.ActiveCfg = Release|Any CPU
		{48E68B29-C44D-42A4-812B-41F96845AA6D}.CD_ROM|Any CPU.ActiveCfg = CD_ROM
		{48E68B29-C44D-42A4-812B-41F96845AA6D}.CD_ROM|Any CPU.Build.0 = CD_ROM
		{48E68B29-C44D-42A4-812B-41F96845AA6D}.CD_ROM|Mixed Platforms.ActiveCfg = CD_ROM
		{48E68B29-C44D-42A4-812B-41F96845AA6D}.CD_ROM|Mixed Platforms.Build.0 = CD_ROM
		{48E68B29-C44D-42A4-812B-41F96845AA6D}.CD_ROM|x64.ActiveCfg = CD_ROM
		{48E68B29-C44D-42A4-812B-41F96845AA6D}.CD_ROM|x64.Build.0 = CD_ROM
		{48E68B29-C44D-42A4-812B-41F96845AA6D}.CD_ROM|x86.ActiveCfg = CD_ROM
		{48E68B29-C44D-42A4-812B-41F96845AA6D}.CD_ROM|x86.Build.0 = CD_ROM
		{48E68B29-C44D-42A4-812B-41F96845AA6D}.Debug|Any CPU.ActiveCfg = DVD-5
		{48E68B29-C44D-42A4-812B-41F96845AA6D}.Debug|Any CPU.Build.0 = DVD-5
		{48E68B29-C44D-42A4-812B-41F96845AA6D}.Debug|Mixed Platforms.ActiveCfg = DVD-5
		{48E68B29-C44D-42A4-812B-41F96845AA6D}.Debug|Mixed Platforms.Build.0 = DVD-5
		{48E68B29-C44D-42A4-812B-41F96845AA6D}.Debug|x64.ActiveCfg = DVD-5
		{48E68B29-C44D-42A4-812B-41F96845AA6D}.Debug|x64.Build.0 = DVD-5
		{48E68B29-C44D-42A4-812B-41F96845AA6D}.Debug|x86.ActiveCfg = DVD-5
		{48E68B29-C44D-42A4-812B-41F96845AA6D}.Debug|x86.Build.0 = DVD-5
		{48E68B29-C44D-42A4-812B-41F96845AA6D}.DVD-5|Any CPU.ActiveCfg = DVD-5
		{48E68B29-C44D-42A4-812B-41F96845AA6D}.DVD-5|Any CPU.Build.0 = DVD-5
		{48E68B29-C44D-42A4-812B-41F96845AA6D}.DVD-5|Mixed Platforms.ActiveCfg = DVD-5
		{48E68B29-C44D-42A4-812B-41F96845AA6D}.DVD-5|Mixed Platforms.Build.0 = DVD-5
		{48E68B29-C44D-42A4-812B-41F96845AA6D}.DVD-5|x64.ActiveCfg = DVD-5
		{48E68B29-C44D-42A4-812B-41F96845AA6D}.DVD-5|x64.Build.0 = DVD-5
		{48E68B29-C44D-42A4-812B-41F96845AA6D}.DVD-5|x86.ActiveCfg = DVD-5
		{48E68B29-C44D-42A4-812B-41F96845AA6D}.DVD-5|x86.Build.0 = DVD-5
		{48E68B29-C44D-42A4-812B-41F96845AA6D}.Release|Any CPU.ActiveCfg = SingleImage
		{48E68B29-C44D-42A4-812B-41F96845AA6D}.Release|Any CPU.Build.0 = SingleImage
		{48E68B29-C44D-42A4-812B-41F96845AA6D}.Release|Mixed Platforms.ActiveCfg = SingleImage
		{48E68B29-C44D-42A4-812B-41F96845AA6D}.Release|Mixed Platforms.Build.0 = SingleImage
		{48E68B29-C44D-42A4-812B-41F96845AA6D}.Release|x64.ActiveCfg = SingleImage
		{48E68B29-C44D-42A4-812B-41F96845AA6D}.Release|x64.Build.0 = SingleImage
		{48E68B29-C44D-42A4-812B-41F96845AA6D}.Release|x86.ActiveCfg = SingleImage
		{48E68B29-C44D-42A4-812B-41F96845AA6D}.Release|x86.Build.0 = SingleImage
		{48E68B29-C44D-42A4-812B-41F96845AA6D}.SingleImage|Any CPU.ActiveCfg = SingleImage
		{48E68B29-C44D-42A4-812B-41F96845AA6D}.SingleImage|Any CPU.Build.0 = SingleImage
		{48E68B29-C44D-42A4-812B-41F96845AA6D}.SingleImage|Mixed Platforms.ActiveCfg = SingleImage
		{48E68B29-C44D-42A4-812B-41F96845AA6D}.SingleImage|Mixed Platforms.Build.0 = SingleImage
		{48E68B29-C44D-42A4-812B-41F96845AA6D}.SingleImage|x64.ActiveCfg = SingleImage
		{48E68B29-C44D-42A4-812B-41F96845AA6D}.SingleImage|x64.Build.0 = SingleImage
		{48E68B29-C44D-42A4-812B-41F96845AA6D}.SingleImage|x86.ActiveCfg = SingleImage
		{48E68B29-C44D-42A4-812B-41F96845AA6D}.SingleImage|x86.Build.0 = SingleImage
	EndGlobalSection
	GlobalSection(SolutionProperties) = preSolution
		HideSolutionNode = FALSE
	EndGlobalSection
	GlobalSection(NestedProjects) = preSolution
		{A34787C7-9F3F-4231-9AA2-F155549F92EF} = {CD1EB03E-21C5-44F9-909D-7F9BF4D3E980}
		{BD77B395-A455-4008-867C-419CD69F318F} = {EF42B6F0-6855-4BC6-9547-3F2E61B461AC}
		{381DAA73-F188-4B47-BADC-88B1265C1101} = {EF42B6F0-6855-4BC6-9547-3F2E61B461AC}
		{B3B11ABC-5F97-4A78-BA7E-863EEB94D877} = {92ACCF83-B703-450C-B6D9-09AF75DDE534}
		{2D489151-55C0-4B5B-A2BD-8551FC7C7561} = {92ACCF83-B703-450C-B6D9-09AF75DDE534}
		{48E68B29-C44D-42A4-812B-41F96845AA6D} = {37E8CD2C-D2BA-486F-A3D7-2C93C2D4E055}
	EndGlobalSection
EndGlobal
